
Microsoft Visual Studio Solution File, Format Version 12.00
# Visual Studio Version 16
VisualStudioVersion = 16.0.31005.135
MinimumVisualStudioVersion = 15.0.26124.0
Project("{9A19103F-16F7-4668-BE54-9A1E7A4F7556}") = "DisJockey", "DisJockey\DisJockey.csproj", "{0E7691AA-E6F1-41E2-86B4-5178B87C568D}"
EndProject
Project("{9A19103F-16F7-4668-BE54-9A1E7A4F7556}") = "DisJockey.Core", "DisJockey.Core\DisJockey.Core.csproj", "{FC9DBC6E-9C36-4366-8511-83D3109F3B7E}"
EndProject
Project("{9A19103F-16F7-4668-BE54-9A1E7A4F7556}") = "DisJockey.Discord", "DisJockey.Discord\DisJockey.Discord.csproj", "{2161DD77-B708-42F5-BA5E-6B9645F2D7E1}"
EndProject
Project("{9A19103F-16F7-4668-BE54-9A1E7A4F7556}") = "DisJockey.Shared", "DisJockey.Shared\DisJockey.Shared.csproj", "{F61F9FFE-B59D-45F1-BFB2-D878B047C0A3}"
EndProject
Project("{9A19103F-16F7-4668-BE54-9A1E7A4F7556}") = "DisJockey.Services", "DisJockey.Services\DisJockey.Services.csproj", "{3398DBE9-8B86-4269-A4A4-DD9BB60FA7B6}"
EndProject
Global
	GlobalSection(SolutionConfigurationPlatforms) = preSolution
		Debug|Any CPU = Debug|Any CPU
		Debug|x64 = Debug|x64
		Debug|x86 = Debug|x86
		Release|Any CPU = Release|Any CPU
		Release|x64 = Release|x64
		Release|x86 = Release|x86
	EndGlobalSection
	GlobalSection(ProjectConfigurationPlatforms) = postSolution
		{0E7691AA-E6F1-41E2-86B4-5178B87C568D}.Debug|Any CPU.ActiveCfg = Debug|Any CPU
		{0E7691AA-E6F1-41E2-86B4-5178B87C568D}.Debug|Any CPU.Build.0 = Debug|Any CPU
		{0E7691AA-E6F1-41E2-86B4-5178B87C568D}.Debug|x64.ActiveCfg = Debug|Any CPU
		{0E7691AA-E6F1-41E2-86B4-5178B87C568D}.Debug|x64.Build.0 = Debug|Any CPU
		{0E7691AA-E6F1-41E2-86B4-5178B87C568D}.Debug|x86.ActiveCfg = Debug|Any CPU
		{0E7691AA-E6F1-41E2-86B4-5178B87C568D}.Debug|x86.Build.0 = Debug|Any CPU
		{0E7691AA-E6F1-41E2-86B4-5178B87C568D}.Release|Any CPU.ActiveCfg = Release|Any CPU
		{0E7691AA-E6F1-41E2-86B4-5178B87C568D}.Release|Any CPU.Build.0 = Release|Any CPU
		{0E7691AA-E6F1-41E2-86B4-5178B87C568D}.Release|x64.ActiveCfg = Release|Any CPU
		{0E7691AA-E6F1-41E2-86B4-5178B87C568D}.Release|x64.Build.0 = Release|Any CPU
		{0E7691AA-E6F1-41E2-86B4-5178B87C568D}.Release|x86.ActiveCfg = Release|Any CPU
		{0E7691AA-E6F1-41E2-86B4-5178B87C568D}.Release|x86.Build.0 = Release|Any CPU
		{FC9DBC6E-9C36-4366-8511-83D3109F3B7E}.Debug|Any CPU.ActiveCfg = Debug|Any CPU
		{FC9DBC6E-9C36-4366-8511-83D3109F3B7E}.Debug|Any CPU.Build.0 = Debug|Any CPU
		{FC9DBC6E-9C36-4366-8511-83D3109F3B7E}.Debug|x64.ActiveCfg = Debug|Any CPU
		{FC9DBC6E-9C36-4366-8511-83D3109F3B7E}.Debug|x64.Build.0 = Debug|Any CPU
		{FC9DBC6E-9C36-4366-8511-83D3109F3B7E}.Debug|x86.ActiveCfg = Debug|Any CPU
		{FC9DBC6E-9C36-4366-8511-83D3109F3B7E}.Debug|x86.Build.0 = Debug|Any CPU
		{FC9DBC6E-9C36-4366-8511-83D3109F3B7E}.Release|Any CPU.ActiveCfg = Release|Any CPU
		{FC9DBC6E-9C36-4366-8511-83D3109F3B7E}.Release|Any CPU.Build.0 = Release|Any CPU
		{FC9DBC6E-9C36-4366-8511-83D3109F3B7E}.Release|x64.ActiveCfg = Release|Any CPU
		{FC9DBC6E-9C36-4366-8511-83D3109F3B7E}.Release|x64.Build.0 = Release|Any CPU
		{FC9DBC6E-9C36-4366-8511-83D3109F3B7E}.Release|x86.ActiveCfg = Release|Any CPU
		{FC9DBC6E-9C36-4366-8511-83D3109F3B7E}.Release|x86.Build.0 = Release|Any CPU
		{2161DD77-B708-42F5-BA5E-6B9645F2D7E1}.Debug|Any CPU.ActiveCfg = Debug|Any CPU
		{2161DD77-B708-42F5-BA5E-6B9645F2D7E1}.Debug|Any CPU.Build.0 = Debug|Any CPU
		{2161DD77-B708-42F5-BA5E-6B9645F2D7E1}.Debug|x64.ActiveCfg = Debug|Any CPU
		{2161DD77-B708-42F5-BA5E-6B9645F2D7E1}.Debug|x64.Build.0 = Debug|Any CPU
		{2161DD77-B708-42F5-BA5E-6B9645F2D7E1}.Debug|x86.ActiveCfg = Debug|Any CPU
		{2161DD77-B708-42F5-BA5E-6B9645F2D7E1}.Debug|x86.Build.0 = Debug|Any CPU
		{2161DD77-B708-42F5-BA5E-6B9645F2D7E1}.Release|Any CPU.ActiveCfg = Release|Any CPU
		{2161DD77-B708-42F5-BA5E-6B9645F2D7E1}.Release|Any CPU.Build.0 = Release|Any CPU
		{2161DD77-B708-42F5-BA5E-6B9645F2D7E1}.Release|x64.ActiveCfg = Release|Any CPU
		{2161DD77-B708-42F5-BA5E-6B9645F2D7E1}.Release|x64.Build.0 = Release|Any CPU
		{2161DD77-B708-42F5-BA5E-6B9645F2D7E1}.Release|x86.ActiveCfg = Release|Any CPU
		{2161DD77-B708-42F5-BA5E-6B9645F2D7E1}.Release|x86.Build.0 = Release|Any CPU
		{F61F9FFE-B59D-45F1-BFB2-D878B047C0A3}.Debug|Any CPU.ActiveCfg = Debug|Any CPU
		{F61F9FFE-B59D-45F1-BFB2-D878B047C0A3}.Debug|Any CPU.Build.0 = Debug|Any CPU
		{F61F9FFE-B59D-45F1-BFB2-D878B047C0A3}.Debug|x64.ActiveCfg = Debug|Any CPU
		{F61F9FFE-B59D-45F1-BFB2-D878B047C0A3}.Debug|x64.Build.0 = Debug|Any CPU
		{F61F9FFE-B59D-45F1-BFB2-D878B047C0A3}.Debug|x86.ActiveCfg = Debug|Any CPU
		{F61F9FFE-B59D-45F1-BFB2-D878B047C0A3}.Debug|x86.Build.0 = Debug|Any CPU
		{F61F9FFE-B59D-45F1-BFB2-D878B047C0A3}.Release|Any CPU.ActiveCfg = Release|Any CPU
		{F61F9FFE-B59D-45F1-BFB2-D878B047C0A3}.Release|Any CPU.Build.0 = Release|Any CPU
		{F61F9FFE-B59D-45F1-BFB2-D878B047C0A3}.Release|x64.ActiveCfg = Release|Any CPU
		{F61F9FFE-B59D-45F1-BFB2-D878B047C0A3}.Release|x64.Build.0 = Release|Any CPU
		{F61F9FFE-B59D-45F1-BFB2-D878B047C0A3}.Release|x86.ActiveCfg = Release|Any CPU
		{F61F9FFE-B59D-45F1-BFB2-D878B047C0A3}.Release|x86.Build.0 = Release|Any CPU
		{3398DBE9-8B86-4269-A4A4-DD9BB60FA7B6}.Debug|Any CPU.ActiveCfg = Debug|Any CPU
		{3398DBE9-8B86-4269-A4A4-DD9BB60FA7B6}.Debug|Any CPU.Build.0 = Debug|Any CPU
		{3398DBE9-8B86-4269-A4A4-DD9BB60FA7B6}.Debug|x64.ActiveCfg = Debug|Any CPU
		{3398DBE9-8B86-4269-A4A4-DD9BB60FA7B6}.Debug|x64.Build.0 = Debug|Any CPU
		{3398DBE9-8B86-4269-A4A4-DD9BB60FA7B6}.Debug|x86.ActiveCfg = Debug|Any CPU
		{3398DBE9-8B86-4269-A4A4-DD9BB60FA7B6}.Debug|x86.Build.0 = Debug|Any CPU
		{3398DBE9-8B86-4269-A4A4-DD9BB60FA7B6}.Release|Any CPU.ActiveCfg = Release|Any CPU
		{3398DBE9-8B86-4269-A4A4-DD9BB60FA7B6}.Release|Any CPU.Build.0 = Release|Any CPU
		{3398DBE9-8B86-4269-A4A4-DD9BB60FA7B6}.Release|x64.ActiveCfg = Release|Any CPU
		{3398DBE9-8B86-4269-A4A4-DD9BB60FA7B6}.Release|x64.Build.0 = Release|Any CPU
		{3398DBE9-8B86-4269-A4A4-DD9BB60FA7B6}.Release|x86.ActiveCfg = Release|Any CPU
		{3398DBE9-8B86-4269-A4A4-DD9BB60FA7B6}.Release|x86.Build.0 = Release|Any CPU
	EndGlobalSection
	GlobalSection(SolutionProperties) = preSolution
		HideSolutionNode = FALSE
	EndGlobalSection
	GlobalSection(ExtensibilityGlobals) = postSolution
		SolutionGuid = {1A465C47-4EF1-45C7-9E1A-C21BCCB31E5D}
	EndGlobalSection
EndGlobal
