
Microsoft Visual Studio Solution File, Format Version 12.00
# Visual Studio Version 17
VisualStudioVersion = 17.8.34219.65
MinimumVisualStudioVersion = 15.0.26124.0
Project("{9A19103F-16F7-4668-BE54-9A1E7A4F7556}") = "DisJockey", "DisJockey\DisJockey.csproj", "{0E7691AA-E6F1-41E2-86B4-5178B87C568D}"
EndProject
Project("{9A19103F-16F7-4668-BE54-9A1E7A4F7556}") = "DisJockey.Core", "DisJockey.Core\DisJockey.Core.csproj", "{FC9DBC6E-9C36-4366-8511-83D3109F3B7E}"
EndProject
Project("{9A19103F-16F7-4668-BE54-9A1E7A4F7556}") = "DisJockey.Shared", "DisJockey.Shared\DisJockey.Shared.csproj", "{F61F9FFE-B59D-45F1-BFB2-D878B047C0A3}"
EndProject
Project("{2150E333-8FDC-42A3-9474-1A3956D46DE8}") = "Solution Items", "Solution Items", "{69965E91-C2F3-4D6C-9251-2019D3BDAFBC}"
	ProjectSection(SolutionItems) = preProject
		.editorconfig = .editorconfig
		application.yml = application.yml
	EndProjectSection
EndProject
Project("{E53339B2-1760-4266-BCC7-CA923CBCF16C}") = "docker-compose", "docker-compose.dcproj", "{EA706C75-32BE-43BE-97F5-E97555582290}"
EndProject
Project("{9A19103F-16F7-4668-BE54-9A1E7A4F7556}") = "DisJockey.BotService", "DisJockey.BotService\DisJockey.BotService.csproj", "{3A0F2496-2629-46F5-A2E5-E92822017E8D}"
EndProject
Project("{9A19103F-16F7-4668-BE54-9A1E7A4F7556}") = "DisJockey.MassTransit", "DisJockey.MassTransit\DisJockey.MassTransit.csproj", "{2EF66655-8FB3-4494-932F-8A4984B4ADC0}"
EndProject
Project("{2150E333-8FDC-42A3-9474-1A3956D46DE8}") = "src", "src", "{8D90E720-F214-4E3B-A948-C05BC1026A2B}"
EndProject
Project("{2150E333-8FDC-42A3-9474-1A3956D46DE8}") = "tests", "tests", "{2828C5AD-CC54-4E20-ADFF-1DA61FFAB616}"
EndProject
Project("{FAE04EC0-301F-11D3-BF4B-00C04F79EFBC}") = "DisJockey.Application", "DisJockey.Application\DisJockey.Application.csproj", "{25A30481-6EC0-464A-A34D-4A67261FE0E8}"
EndProject
Project("{FAE04EC0-301F-11D3-BF4B-00C04F79EFBC}") = "DisJockey.Infrastructure", "DisJockey.Infrastructure\DisJockey.Infrastructure.csproj", "{16D380A1-AD31-45D8-933A-3D93433EACCC}"
EndProject
Global
	GlobalSection(SolutionConfigurationPlatforms) = preSolution
		Debug|Any CPU = Debug|Any CPU
		Debug|x64 = Debug|x64
		Debug|x86 = Debug|x86
		Release|Any CPU = Release|Any CPU
		Release|x64 = Release|x64
		Release|x86 = Release|x86
	EndGlobalSection
	GlobalSection(ProjectConfigurationPlatforms) = postSolution
		{0E7691AA-E6F1-41E2-86B4-5178B87C568D}.Debug|Any CPU.ActiveCfg = Debug|Any CPU
		{0E7691AA-E6F1-41E2-86B4-5178B87C568D}.Debug|Any CPU.Build.0 = Debug|Any CPU
		{0E7691AA-E6F1-41E2-86B4-5178B87C568D}.Debug|x64.ActiveCfg = Debug|Any CPU
		{0E7691AA-E6F1-41E2-86B4-5178B87C568D}.Debug|x64.Build.0 = Debug|Any CPU
		{0E7691AA-E6F1-41E2-86B4-5178B87C568D}.Debug|x86.ActiveCfg = Debug|Any CPU
		{0E7691AA-E6F1-41E2-86B4-5178B87C568D}.Debug|x86.Build.0 = Debug|Any CPU
		{0E7691AA-E6F1-41E2-86B4-5178B87C568D}.Release|Any CPU.ActiveCfg = Release|Any CPU
		{0E7691AA-E6F1-41E2-86B4-5178B87C568D}.Release|Any CPU.Build.0 = Release|Any CPU
		{0E7691AA-E6F1-41E2-86B4-5178B87C568D}.Release|x64.ActiveCfg = Release|Any CPU
		{0E7691AA-E6F1-41E2-86B4-5178B87C568D}.Release|x64.Build.0 = Release|Any CPU
		{0E7691AA-E6F1-41E2-86B4-5178B87C568D}.Release|x86.ActiveCfg = Release|Any CPU
		{0E7691AA-E6F1-41E2-86B4-5178B87C568D}.Release|x86.Build.0 = Release|Any CPU
		{FC9DBC6E-9C36-4366-8511-83D3109F3B7E}.Debug|Any CPU.ActiveCfg = Debug|Any CPU
		{FC9DBC6E-9C36-4366-8511-83D3109F3B7E}.Debug|Any CPU.Build.0 = Debug|Any CPU
		{FC9DBC6E-9C36-4366-8511-83D3109F3B7E}.Debug|x64.ActiveCfg = Debug|Any CPU
		{FC9DBC6E-9C36-4366-8511-83D3109F3B7E}.Debug|x64.Build.0 = Debug|Any CPU
		{FC9DBC6E-9C36-4366-8511-83D3109F3B7E}.Debug|x86.ActiveCfg = Debug|Any CPU
		{FC9DBC6E-9C36-4366-8511-83D3109F3B7E}.Debug|x86.Build.0 = Debug|Any CPU
		{FC9DBC6E-9C36-4366-8511-83D3109F3B7E}.Release|Any CPU.ActiveCfg = Release|Any CPU
		{FC9DBC6E-9C36-4366-8511-83D3109F3B7E}.Release|Any CPU.Build.0 = Release|Any CPU
		{FC9DBC6E-9C36-4366-8511-83D3109F3B7E}.Release|x64.ActiveCfg = Release|Any CPU
		{FC9DBC6E-9C36-4366-8511-83D3109F3B7E}.Release|x64.Build.0 = Release|Any CPU
		{FC9DBC6E-9C36-4366-8511-83D3109F3B7E}.Release|x86.ActiveCfg = Release|Any CPU
		{FC9DBC6E-9C36-4366-8511-83D3109F3B7E}.Release|x86.Build.0 = Release|Any CPU
		{F61F9FFE-B59D-45F1-BFB2-D878B047C0A3}.Debug|Any CPU.ActiveCfg = Debug|Any CPU
		{F61F9FFE-B59D-45F1-BFB2-D878B047C0A3}.Debug|Any CPU.Build.0 = Debug|Any CPU
		{F61F9FFE-B59D-45F1-BFB2-D878B047C0A3}.Debug|x64.ActiveCfg = Debug|Any CPU
		{F61F9FFE-B59D-45F1-BFB2-D878B047C0A3}.Debug|x64.Build.0 = Debug|Any CPU
		{F61F9FFE-B59D-45F1-BFB2-D878B047C0A3}.Debug|x86.ActiveCfg = Debug|Any CPU
		{F61F9FFE-B59D-45F1-BFB2-D878B047C0A3}.Debug|x86.Build.0 = Debug|Any CPU
		{F61F9FFE-B59D-45F1-BFB2-D878B047C0A3}.Release|Any CPU.ActiveCfg = Release|Any CPU
		{F61F9FFE-B59D-45F1-BFB2-D878B047C0A3}.Release|Any CPU.Build.0 = Release|Any CPU
		{F61F9FFE-B59D-45F1-BFB2-D878B047C0A3}.Release|x64.ActiveCfg = Release|Any CPU
		{F61F9FFE-B59D-45F1-BFB2-D878B047C0A3}.Release|x64.Build.0 = Release|Any CPU
		{F61F9FFE-B59D-45F1-BFB2-D878B047C0A3}.Release|x86.ActiveCfg = Release|Any CPU
		{F61F9FFE-B59D-45F1-BFB2-D878B047C0A3}.Release|x86.Build.0 = Release|Any CPU
		{EA706C75-32BE-43BE-97F5-E97555582290}.Debug|Any CPU.ActiveCfg = Debug|Any CPU
		{EA706C75-32BE-43BE-97F5-E97555582290}.Debug|Any CPU.Build.0 = Debug|Any CPU
		{EA706C75-32BE-43BE-97F5-E97555582290}.Debug|x64.ActiveCfg = Debug|Any CPU
		{EA706C75-32BE-43BE-97F5-E97555582290}.Debug|x64.Build.0 = Debug|Any CPU
		{EA706C75-32BE-43BE-97F5-E97555582290}.Debug|x86.ActiveCfg = Debug|Any CPU
		{EA706C75-32BE-43BE-97F5-E97555582290}.Debug|x86.Build.0 = Debug|Any CPU
		{EA706C75-32BE-43BE-97F5-E97555582290}.Release|Any CPU.ActiveCfg = Release|Any CPU
		{EA706C75-32BE-43BE-97F5-E97555582290}.Release|Any CPU.Build.0 = Release|Any CPU
		{EA706C75-32BE-43BE-97F5-E97555582290}.Release|x64.ActiveCfg = Release|Any CPU
		{EA706C75-32BE-43BE-97F5-E97555582290}.Release|x64.Build.0 = Release|Any CPU
		{EA706C75-32BE-43BE-97F5-E97555582290}.Release|x86.ActiveCfg = Release|Any CPU
		{EA706C75-32BE-43BE-97F5-E97555582290}.Release|x86.Build.0 = Release|Any CPU
		{3A0F2496-2629-46F5-A2E5-E92822017E8D}.Debug|Any CPU.ActiveCfg = Debug|Any CPU
		{3A0F2496-2629-46F5-A2E5-E92822017E8D}.Debug|Any CPU.Build.0 = Debug|Any CPU
		{3A0F2496-2629-46F5-A2E5-E92822017E8D}.Debug|x64.ActiveCfg = Debug|Any CPU
		{3A0F2496-2629-46F5-A2E5-E92822017E8D}.Debug|x64.Build.0 = Debug|Any CPU
		{3A0F2496-2629-46F5-A2E5-E92822017E8D}.Debug|x86.ActiveCfg = Debug|Any CPU
		{3A0F2496-2629-46F5-A2E5-E92822017E8D}.Debug|x86.Build.0 = Debug|Any CPU
		{3A0F2496-2629-46F5-A2E5-E92822017E8D}.Release|Any CPU.ActiveCfg = Release|Any CPU
		{3A0F2496-2629-46F5-A2E5-E92822017E8D}.Release|Any CPU.Build.0 = Release|Any CPU
		{3A0F2496-2629-46F5-A2E5-E92822017E8D}.Release|x64.ActiveCfg = Release|Any CPU
		{3A0F2496-2629-46F5-A2E5-E92822017E8D}.Release|x64.Build.0 = Release|Any CPU
		{3A0F2496-2629-46F5-A2E5-E92822017E8D}.Release|x86.ActiveCfg = Release|Any CPU
		{3A0F2496-2629-46F5-A2E5-E92822017E8D}.Release|x86.Build.0 = Release|Any CPU
		{2EF66655-8FB3-4494-932F-8A4984B4ADC0}.Debug|Any CPU.ActiveCfg = Debug|Any CPU
		{2EF66655-8FB3-4494-932F-8A4984B4ADC0}.Debug|Any CPU.Build.0 = Debug|Any CPU
		{2EF66655-8FB3-4494-932F-8A4984B4ADC0}.Debug|x64.ActiveCfg = Debug|Any CPU
		{2EF66655-8FB3-4494-932F-8A4984B4ADC0}.Debug|x64.Build.0 = Debug|Any CPU
		{2EF66655-8FB3-4494-932F-8A4984B4ADC0}.Debug|x86.ActiveCfg = Debug|Any CPU
		{2EF66655-8FB3-4494-932F-8A4984B4ADC0}.Debug|x86.Build.0 = Debug|Any CPU
		{2EF66655-8FB3-4494-932F-8A4984B4ADC0}.Release|Any CPU.ActiveCfg = Release|Any CPU
		{2EF66655-8FB3-4494-932F-8A4984B4ADC0}.Release|Any CPU.Build.0 = Release|Any CPU
		{2EF66655-8FB3-4494-932F-8A4984B4ADC0}.Release|x64.ActiveCfg = Release|Any CPU
		{2EF66655-8FB3-4494-932F-8A4984B4ADC0}.Release|x64.Build.0 = Release|Any CPU
		{2EF66655-8FB3-4494-932F-8A4984B4ADC0}.Release|x86.ActiveCfg = Release|Any CPU
		{2EF66655-8FB3-4494-932F-8A4984B4ADC0}.Release|x86.Build.0 = Release|Any CPU
		{25A30481-6EC0-464A-A34D-4A67261FE0E8}.Debug|Any CPU.ActiveCfg = Debug|Any CPU
		{25A30481-6EC0-464A-A34D-4A67261FE0E8}.Debug|Any CPU.Build.0 = Debug|Any CPU
		{25A30481-6EC0-464A-A34D-4A67261FE0E8}.Debug|x64.ActiveCfg = Debug|Any CPU
		{25A30481-6EC0-464A-A34D-4A67261FE0E8}.Debug|x64.Build.0 = Debug|Any CPU
		{25A30481-6EC0-464A-A34D-4A67261FE0E8}.Debug|x86.ActiveCfg = Debug|Any CPU
		{25A30481-6EC0-464A-A34D-4A67261FE0E8}.Debug|x86.Build.0 = Debug|Any CPU
		{25A30481-6EC0-464A-A34D-4A67261FE0E8}.Release|Any CPU.ActiveCfg = Release|Any CPU
		{25A30481-6EC0-464A-A34D-4A67261FE0E8}.Release|Any CPU.Build.0 = Release|Any CPU
		{25A30481-6EC0-464A-A34D-4A67261FE0E8}.Release|x64.ActiveCfg = Release|Any CPU
		{25A30481-6EC0-464A-A34D-4A67261FE0E8}.Release|x64.Build.0 = Release|Any CPU
		{25A30481-6EC0-464A-A34D-4A67261FE0E8}.Release|x86.ActiveCfg = Release|Any CPU
		{25A30481-6EC0-464A-A34D-4A67261FE0E8}.Release|x86.Build.0 = Release|Any CPU
		{16D380A1-AD31-45D8-933A-3D93433EACCC}.Debug|Any CPU.ActiveCfg = Debug|Any CPU
		{16D380A1-AD31-45D8-933A-3D93433EACCC}.Debug|Any CPU.Build.0 = Debug|Any CPU
		{16D380A1-AD31-45D8-933A-3D93433EACCC}.Debug|x64.ActiveCfg = Debug|Any CPU
		{16D380A1-AD31-45D8-933A-3D93433EACCC}.Debug|x64.Build.0 = Debug|Any CPU
		{16D380A1-AD31-45D8-933A-3D93433EACCC}.Debug|x86.ActiveCfg = Debug|Any CPU
		{16D380A1-AD31-45D8-933A-3D93433EACCC}.Debug|x86.Build.0 = Debug|Any CPU
		{16D380A1-AD31-45D8-933A-3D93433EACCC}.Release|Any CPU.ActiveCfg = Release|Any CPU
		{16D380A1-AD31-45D8-933A-3D93433EACCC}.Release|Any CPU.Build.0 = Release|Any CPU
		{16D380A1-AD31-45D8-933A-3D93433EACCC}.Release|x64.ActiveCfg = Release|Any CPU
		{16D380A1-AD31-45D8-933A-3D93433EACCC}.Release|x64.Build.0 = Release|Any CPU
		{16D380A1-AD31-45D8-933A-3D93433EACCC}.Release|x86.ActiveCfg = Release|Any CPU
		{16D380A1-AD31-45D8-933A-3D93433EACCC}.Release|x86.Build.0 = Release|Any CPU
	EndGlobalSection
	GlobalSection(SolutionProperties) = preSolution
		HideSolutionNode = FALSE
	EndGlobalSection
	GlobalSection(NestedProjects) = preSolution
		{0E7691AA-E6F1-41E2-86B4-5178B87C568D} = {8D90E720-F214-4E3B-A948-C05BC1026A2B}
		{FC9DBC6E-9C36-4366-8511-83D3109F3B7E} = {8D90E720-F214-4E3B-A948-C05BC1026A2B}
		{F61F9FFE-B59D-45F1-BFB2-D878B047C0A3} = {8D90E720-F214-4E3B-A948-C05BC1026A2B}
		{3A0F2496-2629-46F5-A2E5-E92822017E8D} = {8D90E720-F214-4E3B-A948-C05BC1026A2B}
		{2EF66655-8FB3-4494-932F-8A4984B4ADC0} = {8D90E720-F214-4E3B-A948-C05BC1026A2B}
		{25A30481-6EC0-464A-A34D-4A67261FE0E8} = {8D90E720-F214-4E3B-A948-C05BC1026A2B}
		{16D380A1-AD31-45D8-933A-3D93433EACCC} = {8D90E720-F214-4E3B-A948-C05BC1026A2B}
	EndGlobalSection
	GlobalSection(ExtensibilityGlobals) = postSolution
		SolutionGuid = {1A465C47-4EF1-45C7-9E1A-C21BCCB31E5D}
	EndGlobalSection
EndGlobal
